Microsoft Visual Studio Solution File, Format Version 12.00
# Visual Studio Version 17
VisualStudioVersion = 17.3.32901.215
MinimumVisualStudioVersion = 10.0.40219.1
Project("{9A19103F-16F7-4668-BE54-9A1E7A4F7556}") = "Datamodel.NET", "Datamodel.NET\Datamodel.NET.csproj", "{075743A9-B292-410C-B68F-6E6CF588D60A}"
EndProject
Project("{9A19103F-16F7-4668-BE54-9A1E7A4F7556}") = "Tests", "Tests\Tests.csproj", "{4C928D60-5E48-4C0D-9C7E-C75D9734CD58}"
EndProject
Project("{FAE04EC0-301F-11D3-BF4B-00C04F79EFBC}") = "ElementFactoryGenerator", "ElementFactoryGenerator\ElementFactoryGenerator.csproj", "{FE0CDDEB-F817-0758-1DFC-A472CC81F0F3}"
EndProject
Global
	GlobalSection(SolutionConfigurationPlatforms) = preSolution
		Debug|Any CPU = Debug|Any CPU
		Documentation|Any CPU = Documentation|Any CPU
		Release|Any CPU = Release|Any CPU
	EndGlobalSection
	GlobalSection(ProjectConfigurationPlatforms) = postSolution
		{075743A9-B292-410C-B68F-6E6CF588D60A}.Debug|Any CPU.ActiveCfg = Debug|Any CPU
		{075743A9-B292-410C-B68F-6E6CF588D60A}.Debug|Any CPU.Build.0 = Debug|Any CPU
		{075743A9-B292-410C-B68F-6E6CF588D60A}.Documentation|Any CPU.ActiveCfg = Release|Any CPU
		{075743A9-B292-410C-B68F-6E6CF588D60A}.Documentation|Any CPU.Build.0 = Release|Any CPU
		{075743A9-B292-410C-B68F-6E6CF588D60A}.Release|Any CPU.ActiveCfg = Release|Any CPU
		{075743A9-B292-410C-B68F-6E6CF588D60A}.Release|Any CPU.Build.0 = Release|Any CPU
		{4C928D60-5E48-4C0D-9C7E-C75D9734CD58}.Debug|Any CPU.ActiveCfg = Debug|Any CPU
		{4C928D60-5E48-4C0D-9C7E-C75D9734CD58}.Debug|Any CPU.Build.0 = Debug|Any CPU
		{4C928D60-5E48-4C0D-9C7E-C75D9734CD58}.Documentation|Any CPU.ActiveCfg = Debug|Any CPU
		{4C928D60-5E48-4C0D-9C7E-C75D9734CD58}.Documentation|Any CPU.Build.0 = Debug|Any CPU
		{4C928D60-5E48-4C0D-9C7E-C75D9734CD58}.Release|Any CPU.ActiveCfg = Release|Any CPU
		{4C928D60-5E48-4C0D-9C7E-C75D9734CD58}.Release|Any CPU.Build.0 = Release|Any CPU
		{FE0CDDEB-F817-0758-1DFC-A472CC81F0F3}.Debug|Any CPU.ActiveCfg = Debug|Any CPU
		{FE0CDDEB-F817-0758-1DFC-A472CC81F0F3}.Debug|Any CPU.Build.0 = Debug|Any CPU
		{FE0CDDEB-F817-0758-1DFC-A472CC81F0F3}.Documentation|Any CPU.ActiveCfg = Release|Any CPU
		{FE0CDDEB-F817-0758-1DFC-A472CC81F0F3}.Documentation|Any CPU.Build.0 = Release|Any CPU
		{FE0CDDEB-F817-0758-1DFC-A472CC81F0F3}.Release|Any CPU.ActiveCfg = Release|Any CPU
		{FE0CDDEB-F817-0758-1DFC-A472CC81F0F3}.Release|Any CPU.Build.0 = Release|Any CPU
	EndGlobalSection
	GlobalSection(SolutionProperties) = preSolution
		HideSolutionNode = FALSE
	EndGlobalSection
	GlobalSection(ExtensibilityGlobals) = postSolution
		SolutionGuid = {FD0D5BA4-8023-4B5D-A487-A0B016BA659F}
	EndGlobalSection
EndGlobal
